// !$*UTF8*$!
{
	archiveVersion = 1;
	classes = {
	};
	objectVersion = 56;
	objects = {

/* Begin PBXBuildFile section */
		3A4F3AE32BA9F707000624FB /* AppDelegate.swift in Sources */ = {isa = PBXBuildFile; fileRef = 3A4F3AE22BA9F707000624FB /* AppDelegate.swift */; };
		3A4F3AE52BA9F707000624FB /* SceneDelegate.swift in Sources */ = {isa = PBXBuildFile; fileRef = 3A4F3AE42BA9F707000624FB /* SceneDelegate.swift */; };
		3A4F3AE72BA9F707000624FB /* CharacterViewController.swift in Sources */ = {isa = PBXBuildFile; fileRef = 3A4F3AE62BA9F707000624FB /* CharacterViewController.swift */; };
		3A4F3AEC2BA9F709000624FB /* Assets.xcassets in Resources */ = {isa = PBXBuildFile; fileRef = 3A4F3AEB2BA9F709000624FB /* Assets.xcassets */; };
		3A4F3AEF2BA9F709000624FB /* LaunchScreen.storyboard in Resources */ = {isa = PBXBuildFile; fileRef = 3A4F3AED2BA9F709000624FB /* LaunchScreen.storyboard */; };
		3A4F3AFB2BA9F7AA000624FB /* NetworkManager.swift in Sources */ = {isa = PBXBuildFile; fileRef = 3A4F3AFA2BA9F7AA000624FB /* NetworkManager.swift */; };
		3A4F3AFE2BA9F800000624FB /* Character.swift in Sources */ = {isa = PBXBuildFile; fileRef = 3A4F3AFD2BA9F800000624FB /* Character.swift */; };
		3A4F3B002BA9FBEC000624FB /* Main.storyboard in Resources */ = {isa = PBXBuildFile; fileRef = 3A4F3AFF2BA9FBEC000624FB /* Main.storyboard */; };
		3A4F3B022BA9FE1E000624FB /* MainViewController.swift in Sources */ = {isa = PBXBuildFile; fileRef = 3A4F3B012BA9FE1E000624FB /* MainViewController.swift */; };
		3A4F3B062BAA0542000624FB /* CharacterCell.swift in Sources */ = {isa = PBXBuildFile; fileRef = 3A4F3B052BAA0542000624FB /* CharacterCell.swift */; };
		3A5EE1C62BAD72E5003AA4B4 /* Alamofire in Frameworks */ = {isa = PBXBuildFile; productRef = 3A5EE1C52BAD72E5003AA4B4 /* Alamofire */; };
/* End PBXBuildFile section */

/* Begin PBXFileReference section */
		3A4F3ADF2BA9F707000624FB /* Rick and Morty v.2.app */ = {isa = PBXFileReference; explicitFileType = wrapper.application; includeInIndex = 0; path = "Rick and Morty v.2.app"; sourceTree = BUILT_PRODUCTS_DIR; };
		3A4F3AE22BA9F707000624FB /* AppDelegate.swift */ = {isa = PBXFileReference; lastKnownFileType = sourcecode.swift; path = AppDelegate.swift; sourceTree = "<group>"; };
		3A4F3AE42BA9F707000624FB /* SceneDelegate.swift */ = {isa = PBXFileReference; lastKnownFileType = sourcecode.swift; path = SceneDelegate.swift; sourceTree = "<group>"; };
		3A4F3AE62BA9F707000624FB /* CharacterViewController.swift */ = {isa = PBXFileReference; lastKnownFileType = sourcecode.swift; path = CharacterViewController.swift; sourceTree = "<group>"; };
		3A4F3AEB2BA9F709000624FB /* Assets.xcassets */ = {isa = PBXFileReference; lastKnownFileType = folder.assetcatalog; path = Assets.xcassets; sourceTree = "<group>"; };
		3A4F3AEE2BA9F709000624FB /* Base */ = {isa = PBXFileReference; lastKnownFileType = file.storyboard; name = Base; path = Base.lproj/LaunchScreen.storyboard; sourceTree = "<group>"; };
		3A4F3AF02BA9F709000624FB /* Info.plist */ = {isa = PBXFileReference; lastKnownFileType = text.plist.xml; path = Info.plist; sourceTree = "<group>"; };
		3A4F3AFA2BA9F7AA000624FB /* NetworkManager.swift */ = {isa = PBXFileReference; lastKnownFileType = sourcecode.swift; path = NetworkManager.swift; sourceTree = "<group>"; };
		3A4F3AFD2BA9F800000624FB /* Character.swift */ = {isa = PBXFileReference; lastKnownFileType = sourcecode.swift; path = Character.swift; sourceTree = "<group>"; };
		3A4F3AFF2BA9FBEC000624FB /* Main.storyboard */ = {isa = PBXFileReference; lastKnownFileType = file.storyboard; path = Main.storyboard; sourceTree = "<group>"; };
		3A4F3B012BA9FE1E000624FB /* MainViewController.swift */ = {isa = PBXFileReference; lastKnownFileType = sourcecode.swift; path = MainViewController.swift; sourceTree = "<group>"; };
		3A4F3B052BAA0542000624FB /* CharacterCell.swift */ = {isa = PBXFileReference; lastKnownFileType = sourcecode.swift; path = CharacterCell.swift; sourceTree = "<group>"; };
/* End PBXFileReference section */

/* Begin PBXFrameworksBuildPhase section */
		3A4F3ADC2BA9F707000624FB /* Frameworks */ = {
			isa = PBXFrameworksBuildPhase;
			buildActionMask = 2147483647;
			files = (
				3A5EE1C62BAD72E5003AA4B4 /* Alamofire in Frameworks */,
			);
			runOnlyForDeploymentPostprocessing = 0;
		};
/* End PBXFrameworksBuildPhase section */

/* Begin PBXGroup section */
		3A4F3AD62BA9F707000624FB = {
			isa = PBXGroup;
			children = (
				3A4F3AE12BA9F707000624FB /* Rick and Morty v.2 */,
				3A4F3AE02BA9F707000624FB /* Products */,
			);
			sourceTree = "<group>";
		};
		3A4F3AE02BA9F707000624FB /* Products */ = {
			isa = PBXGroup;
			children = (
				3A4F3ADF2BA9F707000624FB /* Rick and Morty v.2.app */,
			);
			name = Products;
			sourceTree = "<group>";
		};
		3A4F3AE12BA9F707000624FB /* Rick and Morty v.2 */ = {
			isa = PBXGroup;
			children = (
				3A4F3AF72BA9F741000624FB /* ViewControllers */,
				3A4F3AF82BA9F75E000624FB /* StoryBoards */,
				3A5EE1C32BAB641E003AA4B4 /* View */,
				3A4F3AF92BA9F787000624FB /* Services */,
				3A4F3AFC2BA9F7DD000624FB /* Models */,
				3A4F3AF62BA9F72E000624FB /* App */,
				3A4F3AEB2BA9F709000624FB /* Assets.xcassets */,
			);
			path = "Rick and Morty v.2";
			sourceTree = "<group>";
		};
		3A4F3AF62BA9F72E000624FB /* App */ = {
			isa = PBXGroup;
			children = (
				3A4F3AE22BA9F707000624FB /* AppDelegate.swift */,
				3A4F3AE42BA9F707000624FB /* SceneDelegate.swift */,
				3A4F3AF02BA9F709000624FB /* Info.plist */,
			);
			path = App;
			sourceTree = "<group>";
		};
		3A4F3AF72BA9F741000624FB /* ViewControllers */ = {
			isa = PBXGroup;
			children = (
				3A4F3AE62BA9F707000624FB /* CharacterViewController.swift */,
				3A4F3B012BA9FE1E000624FB /* MainViewController.swift */,
			);
			path = ViewControllers;
			sourceTree = "<group>";
		};
		3A4F3AF82BA9F75E000624FB /* StoryBoards */ = {
			isa = PBXGroup;
			children = (
				3A4F3AFF2BA9FBEC000624FB /* Main.storyboard */,
				3A4F3AED2BA9F709000624FB /* LaunchScreen.storyboard */,
			);
			path = StoryBoards;
			sourceTree = "<group>";
		};
		3A4F3AF92BA9F787000624FB /* Services */ = {
			isa = PBXGroup;
			children = (
				3A4F3AFA2BA9F7AA000624FB /* NetworkManager.swift */,
			);
			path = Services;
			sourceTree = "<group>";
		};
		3A4F3AFC2BA9F7DD000624FB /* Models */ = {
			isa = PBXGroup;
			children = (
				3A4F3AFD2BA9F800000624FB /* Character.swift */,
			);
			path = Models;
			sourceTree = "<group>";
		};
		3A5EE1C32BAB641E003AA4B4 /* View */ = {
			isa = PBXGroup;
			children = (
				3A4F3B052BAA0542000624FB /* CharacterCell.swift */,
			);
			path = View;
			sourceTree = "<group>";
		};
/* End PBXGroup section */

/* Begin PBXNativeTarget section */
		3A4F3ADE2BA9F707000624FB /* Rick and Morty v.2 */ = {
			isa = PBXNativeTarget;
			buildConfigurationList = 3A4F3AF32BA9F709000624FB /* Build configuration list for PBXNativeTarget "Rick and Morty v.2" */;
			buildPhases = (
				3A4F3ADB2BA9F707000624FB /* Sources */,
				3A4F3ADC2BA9F707000624FB /* Frameworks */,
				3A4F3ADD2BA9F707000624FB /* Resources */,
			);
			buildRules = (
			);
			dependencies = (
			);
			name = "Rick and Morty v.2";
			packageProductDependencies = (
				3A5EE1C52BAD72E5003AA4B4 /* Alamofire */,
			);
			productName = "Rick and Morty v.2";
			productReference = 3A4F3ADF2BA9F707000624FB /* Rick and Morty v.2.app */;
			productType = "com.apple.product-type.application";
		};
/* End PBXNativeTarget section */

/* Begin PBXProject section */
		3A4F3AD72BA9F707000624FB /* Project object */ = {
			isa = PBXProject;
			attributes = {
				BuildIndependentTargetsInParallel = 1;
				LastSwiftUpdateCheck = 1500;
				LastUpgradeCheck = 1500;
				TargetAttributes = {
					3A4F3ADE2BA9F707000624FB = {
						CreatedOnToolsVersion = 15.0.1;
					};
				};
			};
			buildConfigurationList = 3A4F3ADA2BA9F707000624FB /* Build configuration list for PBXProject "Rick and Morty v.2" */;
			compatibilityVersion = "Xcode 14.0";
			developmentRegion = en;
			hasScannedForEncodings = 0;
			knownRegions = (
				en,
				Base,
			);
			mainGroup = 3A4F3AD62BA9F707000624FB;
			packageReferences = (
				3A5EE1C42BAD72E5003AA4B4 /* XCRemoteSwiftPackageReference "Alamofire" */,
			);
			productRefGroup = 3A4F3AE02BA9F707000624FB /* Products */;
			projectDirPath = "";
			projectRoot = "";
			targets = (
				3A4F3ADE2BA9F707000624FB /* Rick and Morty v.2 */,
			);
		};
/* End PBXProject section */

/* Begin PBXResourcesBuildPhase section */
		3A4F3ADD2BA9F707000624FB /* Resources */ = {
			isa = PBXResourcesBuildPhase;
			buildActionMask = 2147483647;
			files = (
				3A4F3B002BA9FBEC000624FB /* Main.storyboard in Resources */,
				3A4F3AEF2BA9F709000624FB /* LaunchScreen.storyboard in Resources */,
				3A4F3AEC2BA9F709000624FB /* Assets.xcassets in Resources */,
			);
			runOnlyForDeploymentPostprocessing = 0;
		};
/* End PBXResourcesBuildPhase section */

/* Begin PBXSourcesBuildPhase section */
		3A4F3ADB2BA9F707000624FB /* Sources */ = {
			isa = PBXSourcesBuildPhase;
			buildActionMask = 2147483647;
			files = (
				3A4F3AFB2BA9F7AA000624FB /* NetworkManager.swift in Sources */,
				3A4F3AE72BA9F707000624FB /* CharacterViewController.swift in Sources */,
				3A4F3AFE2BA9F800000624FB /* Character.swift in Sources */,
				3A4F3B062BAA0542000624FB /* CharacterCell.swift in Sources */,
				3A4F3B022BA9FE1E000624FB /* MainViewController.swift in Sources */,
				3A4F3AE32BA9F707000624FB /* AppDelegate.swift in Sources */,
				3A4F3AE52BA9F707000624FB /* SceneDelegate.swift in Sources */,
			);
			runOnlyForDeploymentPostprocessing = 0;
		};
/* End PBXSourcesBuildPhase section */

/* Begin PBXVariantGroup section */
		3A4F3AED2BA9F709000624FB /* LaunchScreen.storyboard */ = {
			isa = PBXVariantGroup;
			children = (
				3A4F3AEE2BA9F709000624FB /* Base */,
			);
			name = LaunchScreen.storyboard;
			sourceTree = "<group>";
		};
/* End PBXVariantGroup section */

/* Begin XCBuildConfiguration section */
		3A4F3AF12BA9F709000624FB /* Debug */ = {
			isa = XCBuildConfiguration;
			buildSettings = {
				ALWAYS_SEARCH_USER_PATHS = NO;
				ASSETCATALOG_COMPILER_GENERATE_SWIFT_ASSET_SYMBOL_EXTENSIONS = YES;
				CLANG_ANALYZER_NONNULL = YES;
				CLANG_ANALYZER_NUMBER_OBJECT_CONVERSION = YES_AGGRESSIVE;
				CLANG_CXX_LANGUAGE_STANDARD = "gnu++20";
				CLANG_ENABLE_MODULES = YES;
				CLANG_ENABLE_OBJC_ARC = YES;
				CLANG_ENABLE_OBJC_WEAK = YES;
				CLANG_WARN_BLOCK_CAPTURE_AUTORELEASING = YES;
				CLANG_WARN_BOOL_CONVERSION = YES;
				CLANG_WARN_COMMA = YES;
				CLANG_WARN_CONSTANT_CONVERSION = YES;
				CLANG_WARN_DEPRECATED_OBJC_IMPLEMENTATIONS = YES;
				CLANG_WARN_DIRECT_OBJC_ISA_USAGE = YES_ERROR;
				CLANG_WARN_DOCUMENTATION_COMMENTS = YES;
				CLANG_WARN_EMPTY_BODY = YES;
				CLANG_WARN_ENUM_CONVERSION = YES;
				CLANG_WARN_INFINITE_RECURSION = YES;
				CLANG_WARN_INT_CONVERSION = YES;
				CLANG_WARN_NON_LITERAL_NULL_CONVERSION = YES;
				CLANG_WARN_OBJC_IMPLICIT_RETAIN_SELF = YES;
				CLANG_WARN_OBJC_LITERAL_CONVERSION = YES;
				CLANG_WARN_OBJC_ROOT_CLASS = YES_ERROR;
				CLANG_WARN_QUOTED_INCLUDE_IN_FRAMEWORK_HEADER = YES;
				CLANG_WARN_RANGE_LOOP_ANALYSIS = YES;
				CLANG_WARN_STRICT_PROTOTYPES = YES;
				CLANG_WARN_SUSPICIOUS_MOVE = YES;
				CLANG_WARN_UNGUARDED_AVAILABILITY = YES_AGGRESSIVE;
				CLANG_WARN_UNREACHABLE_CODE = YES;
				CLANG_WARN__DUPLICATE_METHOD_MATCH = YES;
				COPY_PHASE_STRIP = NO;
				DEBUG_INFORMATION_FORMAT = dwarf;
				ENABLE_STRICT_OBJC_MSGSEND = YES;
				ENABLE_TESTABILITY = YES;
				ENABLE_USER_SCRIPT_SANDBOXING = YES;
				GCC_C_LANGUAGE_STANDARD = gnu17;
				GCC_DYNAMIC_NO_PIC = NO;
				GCC_NO_COMMON_BLOCKS = YES;
				GCC_OPTIMIZATION_LEVEL = 0;
				GCC_PREPROCESSOR_DEFINITIONS = (
					"DEBUG=1",
					"$(inherited)",
				);
				GCC_WARN_64_TO_32_BIT_CONVERSION = YES;
				GCC_WARN_ABOUT_RETURN_TYPE = YES_ERROR;
				GCC_WARN_UNDECLARED_SELECTOR = YES;
				GCC_WARN_UNINITIALIZED_AUTOS = YES_AGGRESSIVE;
				GCC_WARN_UNUSED_FUNCTION = YES;
				GCC_WARN_UNUSED_VARIABLE = YES;
				IPHONEOS_DEPLOYMENT_TARGET = 17.0;
				LOCALIZATION_PREFERS_STRING_CATALOGS = YES;
				MTL_ENABLE_DEBUG_INFO = INCLUDE_SOURCE;
				MTL_FAST_MATH = YES;
				ONLY_ACTIVE_ARCH = YES;
				SDKROOT = iphoneos;
				SWIFT_ACTIVE_COMPILATION_CONDITIONS = "DEBUG $(inherited)";
				SWIFT_OPTIMIZATION_LEVEL = "-Onone";
			};
			name = Debug;
		};
		3A4F3AF22BA9F709000624FB /* Release */ = {
			isa = XCBuildConfiguration;
			buildSettings = {
				ALWAYS_SEARCH_USER_PATHS = NO;
				ASSETCATALOG_COMPILER_GENERATE_SWIFT_ASSET_SYMBOL_EXTENSIONS = YES;
				CLANG_ANALYZER_NONNULL = YES;
				CLANG_ANALYZER_NUMBER_OBJECT_CONVERSION = YES_AGGRESSIVE;
				CLANG_CXX_LANGUAGE_STANDARD = "gnu++20";
				CLANG_ENABLE_MODULES = YES;
				CLANG_ENABLE_OBJC_ARC = YES;
				CLANG_ENABLE_OBJC_WEAK = YES;
				CLANG_WARN_BLOCK_CAPTURE_AUTORELEASING = YES;
				CLANG_WARN_BOOL_CONVERSION = YES;
				CLANG_WARN_COMMA = YES;
				CLANG_WARN_CONSTANT_CONVERSION = YES;
				CLANG_WARN_DEPRECATED_OBJC_IMPLEMENTATIONS = YES;
				CLANG_WARN_DIRECT_OBJC_ISA_USAGE = YES_ERROR;
				CLANG_WARN_DOCUMENTATION_COMMENTS = YES;
				CLANG_WARN_EMPTY_BODY = YES;
				CLANG_WARN_ENUM_CONVERSION = YES;
				CLANG_WARN_INFINITE_RECURSION = YES;
				CLANG_WARN_INT_CONVERSION = YES;
				CLANG_WARN_NON_LITERAL_NULL_CONVERSION = YES;
				CLANG_WARN_OBJC_IMPLICIT_RETAIN_SELF = YES;
				CLANG_WARN_OBJC_LITERAL_CONVERSION = YES;
				CLANG_WARN_OBJC_ROOT_CLASS = YES_ERROR;
				CLANG_WARN_QUOTED_INCLUDE_IN_FRAMEWORK_HEADER = YES;
				CLANG_WARN_RANGE_LOOP_ANALYSIS = YES;
				CLANG_WARN_STRICT_PROTOTYPES = YES;
				CLANG_WARN_SUSPICIOUS_MOVE = YES;
				CLANG_WARN_UNGUARDED_AVAILABILITY = YES_AGGRESSIVE;
				CLANG_WARN_UNREACHABLE_CODE = YES;
				CLANG_WARN__DUPLICATE_METHOD_MATCH = YES;
				COPY_PHASE_STRIP = NO;
				DEBUG_INFORMATION_FORMAT = "dwarf-with-dsym";
				ENABLE_NS_ASSERTIONS = NO;
				ENABLE_STRICT_OBJC_MSGSEND = YES;
				ENABLE_USER_SCRIPT_SANDBOXING = YES;
				GCC_C_LANGUAGE_STANDARD = gnu17;
				GCC_NO_COMMON_BLOCKS = YES;
				GCC_WARN_64_TO_32_BIT_CONVERSION = YES;
				GCC_WARN_ABOUT_RETURN_TYPE = YES_ERROR;
				GCC_WARN_UNDECLARED_SELECTOR = YES;
				GCC_WARN_UNINITIALIZED_AUTOS = YES_AGGRESSIVE;
				GCC_WARN_UNUSED_FUNCTION = YES;
				GCC_WARN_UNUSED_VARIABLE = YES;
				IPHONEOS_DEPLOYMENT_TARGET = 17.0;
				LOCALIZATION_PREFERS_STRING_CATALOGS = YES;
				MTL_ENABLE_DEBUG_INFO = NO;
				MTL_FAST_MATH = YES;
				SDKROOT = iphoneos;
				SWIFT_COMPILATION_MODE = wholemodule;
				VALIDATE_PRODUCT = YES;
			};
			name = Release;
		};
		3A4F3AF42BA9F709000624FB /* Debug */ = {
			isa = XCBuildConfiguration;
			buildSettings = {
				ASSETCATALOG_COMPILER_APPICON_NAME = AppIcon;
				ASSETCATALOG_COMPILER_GLOBAL_ACCENT_COLOR_NAME = AccentColor;
				CODE_SIGN_STYLE = Automatic;
				CURRENT_PROJECT_VERSION = 1;
				GENERATE_INFOPLIST_FILE = YES;
				INFOPLIST_FILE = "Rick and Morty v.2/App/Info.plist";
				INFOPLIST_KEY_UIApplicationSupportsIndirectInputEvents = YES;
				INFOPLIST_KEY_UILaunchStoryboardName = LaunchScreen;
				INFOPLIST_KEY_UIMainStoryboardFile = Main;
				INFOPLIST_KEY_UISupportedInterfaceOrientations_iPad = "UIInterfaceOrientationPortrait UIInterfaceOrientationPortraitUpsideDown UIInterfaceOrientationLandscapeLeft UIInterfaceOrientationLandscapeRight";
				INFOPLIST_KEY_UISupportedInterfaceOrientations_iPhone = "UIInterfaceOrientationPortrait UIInterfaceOrientationLandscapeLeft UIInterfaceOrientationLandscapeRight";
				LD_RUNPATH_SEARCH_PATHS = (
					"$(inherited)",
					"@executable_path/Frameworks",
				);
				MARKETING_VERSION = 1.0;
				PRODUCT_BUNDLE_IDENTIFIER = "--------------.Rick-and-Morty-v-2";
				PRODUCT_NAME = "$(TARGET_NAME)";
				SUPPORTED_PLATFORMS = "iphoneos iphonesimulator";
				SUPPORTS_MACCATALYST = NO;
				SUPPORTS_MAC_DESIGNED_FOR_IPHONE_IPAD = NO;
				SWIFT_EMIT_LOC_STRINGS = YES;
				SWIFT_VERSION = 5.0;
				TARGETED_DEVICE_FAMILY = 1;
			};
			name = Debug;
		};
		3A4F3AF52BA9F709000624FB /* Release */ = {
			isa = XCBuildConfiguration;
			buildSettings = {
				ASSETCATALOG_COMPILER_APPICON_NAME = AppIcon;
				ASSETCATALOG_COMPILER_GLOBAL_ACCENT_COLOR_NAME = AccentColor;
				CODE_SIGN_STYLE = Automatic;
				CURRENT_PROJECT_VERSION = 1;
				GENERATE_INFOPLIST_FILE = YES;
				INFOPLIST_FILE = "Rick and Morty v.2/App/Info.plist";
				INFOPLIST_KEY_UIApplicationSupportsIndirectInputEvents = YES;
				INFOPLIST_KEY_UILaunchStoryboardName = LaunchScreen;
				INFOPLIST_KEY_UIMainStoryboardFile = Main;
				INFOPLIST_KEY_UISupportedInterfaceOrientations_iPad = "UIInterfaceOrientationPortrait UIInterfaceOrientationPortraitUpsideDown UIInterfaceOrientationLandscapeLeft UIInterfaceOrientationLandscapeRight";
				INFOPLIST_KEY_UISupportedInterfaceOrientations_iPhone = "UIInterfaceOrientationPortrait UIInterfaceOrientationLandscapeLeft UIInterfaceOrientationLandscapeRight";
				LD_RUNPATH_SEARCH_PATHS = (
					"$(inherited)",
					"@executable_path/Frameworks",
				);
				MARKETING_VERSION = 1.0;
				PRODUCT_BUNDLE_IDENTIFIER = "--------------.Rick-and-Morty-v-2";
				PRODUCT_NAME = "$(TARGET_NAME)";
				SUPPORTED_PLATFORMS = "iphoneos iphonesimulator";
				SUPPORTS_MACCATALYST = NO;
				SUPPORTS_MAC_DESIGNED_FOR_IPHONE_IPAD = NO;
				SWIFT_EMIT_LOC_STRINGS = YES;
				SWIFT_VERSION = 5.0;
				TARGETED_DEVICE_FAMILY = 1;
			};
			name = Release;
		};
/* End XCBuildConfiguration section */

/* Begin XCConfigurationList section */
		3A4F3ADA2BA9F707000624FB /* Build configuration list for PBXProject "Rick and Morty v.2" */ = {
			isa = XCConfigurationList;
			buildConfigurations = (
				3A4F3AF12BA9F709000624FB /* Debug */,
				3A4F3AF22BA9F709000624FB /* Release */,
			);
			defaultConfigurationIsVisible = 0;
			defaultConfigurationName = Release;
		};
		3A4F3AF32BA9F709000624FB /* Build configuration list for PBXNativeTarget "Rick and Morty v.2" */ = {
			isa = XCConfigurationList;
			buildConfigurations = (
				3A4F3AF42BA9F709000624FB /* Debug */,
				3A4F3AF52BA9F709000624FB /* Release */,
			);
			defaultConfigurationIsVisible = 0;
			defaultConfigurationName = Release;
		};
/* End XCConfigurationList section */

/* Begin XCRemoteSwiftPackageReference section */
		3A5EE1C42BAD72E5003AA4B4 /* XCRemoteSwiftPackageReference "Alamofire" */ = {
			isa = XCRemoteSwiftPackageReference;
			repositoryURL = "https://github.com/Alamofire/Alamofire.git";
			requirement = {
				kind = exactVersion;
				version = 5.0.0;
			};
		};
/* End XCRemoteSwiftPackageReference section */

/* Begin XCSwiftPackageProductDependency section */
		3A5EE1C52BAD72E5003AA4B4 /* Alamofire */ = {
			isa = XCSwiftPackageProductDependency;
			package = 3A5EE1C42BAD72E5003AA4B4 /* XCRemoteSwiftPackageReference "Alamofire" */;
			productName = Alamofire;
		};
/* End XCSwiftPackageProductDependency section */
	};
	rootObject = 3A4F3AD72BA9F707000624FB /* Project object */;
}
